
Microsoft Visual Studio Solution File, Format Version 12.00
# Visual Studio 2012
Project("{FAE04EC0-301F-11D3-BF4B-00C04F79EFBC}") = "QuizMakers", "QuizMakers\QuizMakers.csproj", "{78F9D52D-383A-443B-BC68-3B8FFF08E2C9}"
EndProject
Project("{FAE04EC0-301F-11D3-BF4B-00C04F79EFBC}") = "Unit testing", "Unit testing\Unit testing.csproj", "{33B8A388-52E7-4E02-A9A2-79AE8AF675EA}"
EndProject
Global
	GlobalSection(SolutionConfigurationPlatforms) = preSolution
		Debug|Any CPU = Debug|Any CPU
		Release|Any CPU = Release|Any CPU
	EndGlobalSection
	GlobalSection(ProjectConfigurationPlatforms) = postSolution
		{78F9D52D-383A-443B-BC68-3B8FFF08E2C9}.Debug|Any CPU.ActiveCfg = Debug|Any CPU
		{78F9D52D-383A-443B-BC68-3B8FFF08E2C9}.Debug|Any CPU.Build.0 = Debug|Any CPU
		{78F9D52D-383A-443B-BC68-3B8FFF08E2C9}.Release|Any CPU.ActiveCfg = Release|Any CPU
		{78F9D52D-383A-443B-BC68-3B8FFF08E2C9}.Release|Any CPU.Build.0 = Release|Any CPU
		{33B8A388-52E7-4E02-A9A2-79AE8AF675EA}.Debug|Any CPU.ActiveCfg = Debug|Any CPU
		{33B8A388-52E7-4E02-A9A2-79AE8AF675EA}.Debug|Any CPU.Build.0 = Debug|Any CPU
		{33B8A388-52E7-4E02-A9A2-79AE8AF675EA}.Release|Any CPU.ActiveCfg = Release|Any CPU
		{33B8A388-52E7-4E02-A9A2-79AE8AF675EA}.Release|Any CPU.Build.0 = Release|Any CPU
	EndGlobalSection
	GlobalSection(SolutionProperties) = preSolution
		HideSolutionNode = FALSE
	EndGlobalSection
EndGlobal
